
Microsoft Visual Studio Solution File, Format Version 12.00
# Visual Studio 14
VisualStudioVersion = 14.0.25420.1
MinimumVisualStudioVersion = 10.0.40219.1
Project("{FAE04EC0-301F-11D3-BF4B-00C04F79EFBC}") = "MatchiWebAPI", "WebAPI\WebAPI\MatchiWebAPI.csproj", "{C2BFA4F5-0D28-4FDE-B590-5A73E0B94169}"
EndProject
Project("{FAE04EC0-301F-11D3-BF4B-00C04F79EFBC}") = "DataProvider", "DataProvider\DataProvider.csproj", "{E32824C8-0AB3-4BB2-B8A2-BEFC1C7775C7}"
EndProject
Project("{FAE04EC0-301F-11D3-BF4B-00C04F79EFBC}") = "MatchiUserDataService", "MatchiUserService\MatchiUserDataService.csproj", "{14A27198-0E96-4D5B-AEA8-CEA6DEF2EBC6}"
EndProject
Project("{FAE04EC0-301F-11D3-BF4B-00C04F79EFBC}") = "MatchiPostDataService", "MatchiPostDataService\MatchiPostDataService.csproj", "{1E47C3F3-FAB5-4439-BC57-F728556225AD}"
EndProject
Project("{FAE04EC0-301F-11D3-BF4B-00C04F79EFBC}") = "TestConsole", "TestConsole\TestConsole.csproj", "{15D1F9B6-2DBD-4B4E-B2C6-6E14AFB2A0AB}"
EndProject
Project("{FAE04EC0-301F-11D3-BF4B-00C04F79EFBC}") = "MatchiDataProvider", "MatchiDataProvider\MatchiDataProvider.csproj", "{F9E6FCF1-4872-47EA-8F5F-726C37CAC3F1}"
EndProject
Global
	GlobalSection(SolutionConfigurationPlatforms) = preSolution
		Debug|Any CPU = Debug|Any CPU
		Release|Any CPU = Release|Any CPU
	EndGlobalSection
	GlobalSection(ProjectConfigurationPlatforms) = postSolution
		{C2BFA4F5-0D28-4FDE-B590-5A73E0B94169}.Debug|Any CPU.ActiveCfg = Debug|Any CPU
		{C2BFA4F5-0D28-4FDE-B590-5A73E0B94169}.Debug|Any CPU.Build.0 = Debug|Any CPU
		{C2BFA4F5-0D28-4FDE-B590-5A73E0B94169}.Release|Any CPU.ActiveCfg = Release|Any CPU
		{C2BFA4F5-0D28-4FDE-B590-5A73E0B94169}.Release|Any CPU.Build.0 = Release|Any CPU
		{E32824C8-0AB3-4BB2-B8A2-BEFC1C7775C7}.Debug|Any CPU.ActiveCfg = Debug|Any CPU
		{E32824C8-0AB3-4BB2-B8A2-BEFC1C7775C7}.Debug|Any CPU.Build.0 = Debug|Any CPU
		{E32824C8-0AB3-4BB2-B8A2-BEFC1C7775C7}.Release|Any CPU.ActiveCfg = Release|Any CPU
		{E32824C8-0AB3-4BB2-B8A2-BEFC1C7775C7}.Release|Any CPU.Build.0 = Release|Any CPU
		{14A27198-0E96-4D5B-AEA8-CEA6DEF2EBC6}.Debug|Any CPU.ActiveCfg = Debug|Any CPU
		{14A27198-0E96-4D5B-AEA8-CEA6DEF2EBC6}.Debug|Any CPU.Build.0 = Debug|Any CPU
		{14A27198-0E96-4D5B-AEA8-CEA6DEF2EBC6}.Release|Any CPU.ActiveCfg = Release|Any CPU
		{14A27198-0E96-4D5B-AEA8-CEA6DEF2EBC6}.Release|Any CPU.Build.0 = Release|Any CPU
		{1E47C3F3-FAB5-4439-BC57-F728556225AD}.Debug|Any CPU.ActiveCfg = Debug|Any CPU
		{1E47C3F3-FAB5-4439-BC57-F728556225AD}.Debug|Any CPU.Build.0 = Debug|Any CPU
		{1E47C3F3-FAB5-4439-BC57-F728556225AD}.Release|Any CPU.ActiveCfg = Release|Any CPU
		{1E47C3F3-FAB5-4439-BC57-F728556225AD}.Release|Any CPU.Build.0 = Release|Any CPU
		{15D1F9B6-2DBD-4B4E-B2C6-6E14AFB2A0AB}.Debug|Any CPU.ActiveCfg = Debug|Any CPU
		{15D1F9B6-2DBD-4B4E-B2C6-6E14AFB2A0AB}.Debug|Any CPU.Build.0 = Debug|Any CPU
		{15D1F9B6-2DBD-4B4E-B2C6-6E14AFB2A0AB}.Release|Any CPU.ActiveCfg = Release|Any CPU
		{15D1F9B6-2DBD-4B4E-B2C6-6E14AFB2A0AB}.Release|Any CPU.Build.0 = Release|Any CPU
		{F9E6FCF1-4872-47EA-8F5F-726C37CAC3F1}.Debug|Any CPU.ActiveCfg = Debug|Any CPU
		{F9E6FCF1-4872-47EA-8F5F-726C37CAC3F1}.Debug|Any CPU.Build.0 = Debug|Any CPU
		{F9E6FCF1-4872-47EA-8F5F-726C37CAC3F1}.Release|Any CPU.ActiveCfg = Release|Any CPU
		{F9E6FCF1-4872-47EA-8F5F-726C37CAC3F1}.Release|Any CPU.Build.0 = Release|Any CPU
	EndGlobalSection
	GlobalSection(SolutionProperties) = preSolution
		HideSolutionNode = FALSE
	EndGlobalSection
EndGlobal
